schema: '2.0'
stages:
  generate:
    cmd: python -m mlops_ci_cd.data.generate --out data/raw/train.csv --rows 1000
      --seed 42
    deps:
    - path: src/mlops_ci_cd/data/generate.py
      hash: md5
      md5: 3d1f73694fa47f05b5243a48606223b8
      size: 1605
    outs:
    - path: data/raw/train.csv
      hash: md5
      md5: 3ac6ed1514c823bea8340b30e0c440c7
      size: 39549
  validate:
    cmd: python -m mlops_ci_cd.data.validate --data data/raw/train.csv --report reports/ge_validation.json
    deps:
    - path: data/raw/train.csv
      hash: md5
      md5: 3ac6ed1514c823bea8340b30e0c440c7
      size: 39549
    - path: src/mlops_ci_cd/data/validate.py
      hash: md5
      md5: d967f28f002588ff8bb9256a9287f6f9
      size: 2256
    outs:
    - path: reports/ge_validation.json
      hash: md5
      md5: 9d78d6b8400994d5387e350e0dacae2c
      size: 795
  train:
    cmd: python -m mlops_ci_cd.model.train --data data/raw/train.csv --model-out models/model.joblib
      --metrics-out reports/metrics.json
    deps:
    - path: data/raw/train.csv
      hash: md5
      md5: 3ac6ed1514c823bea8340b30e0c440c7
      size: 39549
    - path: src/mlops_ci_cd/model/train.py
      hash: md5
      md5: 250972aac94a489ed1b765dc79022c2a
      size: 3805
    outs:
    - path: models/model.joblib
      hash: md5
      md5: 9006b0ac849e880e09cad92ba472aae8
      size: 2333897
    - path: reports/metrics.json
      hash: md5
      md5: ec8e012e5c911782e4c586c233fd437e
      size: 157
    - path: reports/model_schema.json
      hash: md5
      md5: e8aab28fdf6784bc7d2b00fde42b68b3
      size: 204
  register:
    cmd: python -m mlops_ci_cd.model.registry --name random_forest_model
    deps:
    - path: models/model.joblib
      hash: md5
      md5: 9006b0ac849e880e09cad92ba472aae8
      size: 2333897
    - path: src/mlops_ci_cd/model/registry.py
      hash: md5
      md5: c395b26cf4d6fb696387867a50385b3e
      size: 1867
